
Microsoft Visual Studio Solution File, Format Version 12.00
# Visual Studio Version 16
VisualStudioVersion = 16.0.30413.136
MinimumVisualStudioVersion = 10.0.40219.1
Project("{FAE04EC0-301F-11D3-BF4B-00C04F79EFBC}") = "Uppgift1", "Uppgift1\Uppgift1.csproj", "{9AAD1FC9-FAC3-4BAD-866F-73209D2D97F3}"
EndProject
Global
	GlobalSection(SolutionConfigurationPlatforms) = preSolution
		Debug|Any CPU = Debug|Any CPU
		Release|Any CPU = Release|Any CPU
	EndGlobalSection
	GlobalSection(ProjectConfigurationPlatforms) = postSolution
		{9AAD1FC9-FAC3-4BAD-866F-73209D2D97F3}.Debug|Any CPU.ActiveCfg = Debug|Any CPU
		{9AAD1FC9-FAC3-4BAD-866F-73209D2D97F3}.Debug|Any CPU.Build.0 = Debug|Any CPU
		{9AAD1FC9-FAC3-4BAD-866F-73209D2D97F3}.Release|Any CPU.ActiveCfg = Release|Any CPU
		{9AAD1FC9-FAC3-4BAD-866F-73209D2D97F3}.Release|Any CPU.Build.0 = Release|Any CPU
	EndGlobalSection
	GlobalSection(SolutionProperties) = preSolution
		HideSolutionNode = FALSE
	EndGlobalSection
	GlobalSection(ExtensibilityGlobals) = postSolution
		SolutionGuid = {84C5D6A4-A0AB-45D0-9578-7D87B4E2630C}
	EndGlobalSection
EndGlobal
